// !$*UTF8*$!
{
	archiveVersion = 1;
	classes = {
	};
	objectVersion = 55;
	objects = {

/* Begin PBXBuildFile section */
		5BD8C2752810D666002F8858 /* AppDelegate.swift in Sources */ = {isa = PBXBuildFile; fileRef = 5BD8C2742810D666002F8858 /* AppDelegate.swift */; };
		5BD8C2772810D666002F8858 /* SceneDelegate.swift in Sources */ = {isa = PBXBuildFile; fileRef = 5BD8C2762810D666002F8858 /* SceneDelegate.swift */; };
		5BD8C2792810D666002F8858 /* ViewController.swift in Sources */ = {isa = PBXBuildFile; fileRef = 5BD8C2782810D666002F8858 /* ViewController.swift */; };
		5BD8C27C2810D666002F8858 /* Main.storyboard in Resources */ = {isa = PBXBuildFile; fileRef = 5BD8C27A2810D666002F8858 /* Main.storyboard */; };
		5BD8C27E2810D668002F8858 /* Assets.xcassets in Resources */ = {isa = PBXBuildFile; fileRef = 5BD8C27D2810D668002F8858 /* Assets.xcassets */; };
		5BD8C2812810D668002F8858 /* LaunchScreen.storyboard in Resources */ = {isa = PBXBuildFile; fileRef = 5BD8C27F2810D668002F8858 /* LaunchScreen.storyboard */; };
		DD7BEAA06334BDAA12414AFB /* Pods_YogaExperiment.framework in Frameworks */ = {isa = PBXBuildFile; fileRef = 92D01A18389AE8D8B05E6C0D /* Pods_YogaExperiment.framework */; };
/* End PBXBuildFile section */

/* Begin PBXFileReference section */
		2664B9921B9EFAFC3D4783A0 /* Pods-YogaExperiment.debug.xcconfig */ = {isa = PBXFileReference; includeInIndex = 1; lastKnownFileType = text.xcconfig; name = "Pods-YogaExperiment.debug.xcconfig"; path = "Target Support Files/Pods-YogaExperiment/Pods-YogaExperiment.debug.xcconfig"; sourceTree = "<group>"; };
		54A196C65C14FC20D08BD491 /* Pods-YogaExperiment.release.xcconfig */ = {isa = PBXFileReference; includeInIndex = 1; lastKnownFileType = text.xcconfig; name = "Pods-YogaExperiment.release.xcconfig"; path = "Target Support Files/Pods-YogaExperiment/Pods-YogaExperiment.release.xcconfig"; sourceTree = "<group>"; };
		5BD8C2712810D666002F8858 /* YogaExperiment.app */ = {isa = PBXFileReference; explicitFileType = wrapper.application; includeInIndex = 0; path = YogaExperiment.app; sourceTree = BUILT_PRODUCTS_DIR; };
		5BD8C2742810D666002F8858 /* AppDelegate.swift */ = {isa = PBXFileReference; lastKnownFileType = sourcecode.swift; path = AppDelegate.swift; sourceTree = "<group>"; };
		5BD8C2762810D666002F8858 /* SceneDelegate.swift */ = {isa = PBXFileReference; lastKnownFileType = sourcecode.swift; path = SceneDelegate.swift; sourceTree = "<group>"; };
		5BD8C2782810D666002F8858 /* ViewController.swift */ = {isa = PBXFileReference; lastKnownFileType = sourcecode.swift; path = ViewController.swift; sourceTree = "<group>"; };
		5BD8C27B2810D666002F8858 /* Base */ = {isa = PBXFileReference; lastKnownFileType = file.storyboard; name = Base; path = Base.lproj/Main.storyboard; sourceTree = "<group>"; };
		5BD8C27D2810D668002F8858 /* Assets.xcassets */ = {isa = PBXFileReference; lastKnownFileType = folder.assetcatalog; path = Assets.xcassets; sourceTree = "<group>"; };
		5BD8C2802810D668002F8858 /* Base */ = {isa = PBXFileReference; lastKnownFileType = file.storyboard; name = Base; path = Base.lproj/LaunchScreen.storyboard; sourceTree = "<group>"; };
		5BD8C2822810D668002F8858 /* Info.plist */ = {isa = PBXFileReference; lastKnownFileType = text.plist.xml; path = Info.plist; sourceTree = "<group>"; };
		92D01A18389AE8D8B05E6C0D /* Pods_YogaExperiment.framework */ = {isa = PBXFileReference; explicitFileType = wrapper.framework; includeInIndex = 0; path = Pods_YogaExperiment.framework; sourceTree = BUILT_PRODUCTS_DIR; };
/* End PBXFileReference section */

/* Begin PBXFrameworksBuildPhase section */
		5BD8C26E2810D666002F8858 /* Frameworks */ = {
			isa = PBXFrameworksBuildPhase;
			buildActionMask = 2147483647;
			files = (
				DD7BEAA06334BDAA12414AFB /* Pods_YogaExperiment.framework in Frameworks */,
			);
			runOnlyForDeploymentPostprocessing = 0;
		};
/* End PBXFrameworksBuildPhase section */

/* Begin PBXGroup section */
		5BD8C2682810D666002F8858 = {
			isa = PBXGroup;
			children = (
				5BD8C2732810D666002F8858 /* YogaExperiment */,
				5BD8C2722810D666002F8858 /* Products */,
				DD5F5E603ACB97BF0BFB1E30 /* Pods */,
				77AB6505141B78520966FE42 /* Frameworks */,
			);
			sourceTree = "<group>";
		};
		5BD8C2722810D666002F8858 /* Products */ = {
			isa = PBXGroup;
			children = (
				5BD8C2712810D666002F8858 /* YogaExperiment.app */,
			);
			name = Products;
			sourceTree = "<group>";
		};
		5BD8C2732810D666002F8858 /* YogaExperiment */ = {
			isa = PBXGroup;
			children = (
				5BD8C2742810D666002F8858 /* AppDelegate.swift */,
				5BD8C2762810D666002F8858 /* SceneDelegate.swift */,
				5BD8C2782810D666002F8858 /* ViewController.swift */,
				5BD8C27A2810D666002F8858 /* Main.storyboard */,
				5BD8C27D2810D668002F8858 /* Assets.xcassets */,
				5BD8C27F2810D668002F8858 /* LaunchScreen.storyboard */,
				5BD8C2822810D668002F8858 /* Info.plist */,
			);
			path = YogaExperiment;
			sourceTree = "<group>";
		};
		77AB6505141B78520966FE42 /* Frameworks */ = {
			isa = PBXGroup;
			children = (
				92D01A18389AE8D8B05E6C0D /* Pods_YogaExperiment.framework */,
			);
			name = Frameworks;
			sourceTree = "<group>";
		};
		DD5F5E603ACB97BF0BFB1E30 /* Pods */ = {
			isa = PBXGroup;
			children = (
				2664B9921B9EFAFC3D4783A0 /* Pods-YogaExperiment.debug.xcconfig */,
				54A196C65C14FC20D08BD491 /* Pods-YogaExperiment.release.xcconfig */,
			);
			name = Pods;
			path = Pods;
			sourceTree = "<group>";
		};
/* End PBXGroup section */

/* Begin PBXNativeTarget section */
		5BD8C2702810D666002F8858 /* YogaExperiment */ = {
			isa = PBXNativeTarget;
			buildConfigurationList = 5BD8C2852810D668002F8858 /* Build configuration list for PBXNativeTarget "YogaExperiment" */;
			buildPhases = (
				3B0D692CE317528A766A035C /* [CP] Check Pods Manifest.lock */,
				5BD8C26D2810D666002F8858 /* Sources */,
				5BD8C26E2810D666002F8858 /* Frameworks */,
				5BD8C26F2810D666002F8858 /* Resources */,
				2E658A1D01B014CAE89C96F6 /* [CP] Embed Pods Frameworks */,
			);
			buildRules = (
			);
			dependencies = (
			);
			name = YogaExperiment;
			productName = YogaExperiment;
			productReference = 5BD8C2712810D666002F8858 /* YogaExperiment.app */;
			productType = "com.apple.product-type.application";
		};
/* End PBXNativeTarget section */

/* Begin PBXProject section */
		5BD8C2692810D666002F8858 /* Project object */ = {
			isa = PBXProject;
			attributes = {
				BuildIndependentTargetsInParallel = 1;
				LastSwiftUpdateCheck = 1330;
				LastUpgradeCheck = 1330;
				TargetAttributes = {
					5BD8C2702810D666002F8858 = {
						CreatedOnToolsVersion = 13.3.1;
					};
				};
			};
			buildConfigurationList = 5BD8C26C2810D666002F8858 /* Build configuration list for PBXProject "YogaExperiment" */;
			compatibilityVersion = "Xcode 13.0";
			developmentRegion = en;
			hasScannedForEncodings = 0;
			knownRegions = (
				en,
				Base,
			);
			mainGroup = 5BD8C2682810D666002F8858;
			productRefGroup = 5BD8C2722810D666002F8858 /* Products */;
			projectDirPath = "";
			projectRoot = "";
			targets = (
				5BD8C2702810D666002F8858 /* YogaExperiment */,
			);
		};
/* End PBXProject section */

/* Begin PBXResourcesBuildPhase section */
		5BD8C26F2810D666002F8858 /* Resources */ = {
			isa = PBXResourcesBuildPhase;
			buildActionMask = 2147483647;
			files = (
				5BD8C2812810D668002F8858 /* LaunchScreen.storyboard in Resources */,
				5BD8C27E2810D668002F8858 /* Assets.xcassets in Resources */,
				5BD8C27C2810D666002F8858 /* Main.storyboard in Resources */,
			);
			runOnlyForDeploymentPostprocessing = 0;
		};
/* End PBXResourcesBuildPhase section */

/* Begin PBXShellScriptBuildPhase section */
		2E658A1D01B014CAE89C96F6 /* [CP] Embed Pods Frameworks */ = {
			isa = PBXShellScriptBuildPhase;
			buildActionMask = 2147483647;
			files = (
			);
			inputFileListPaths = (
				"${PODS_ROOT}/Target Support Files/Pods-YogaExperiment/Pods-YogaExperiment-frameworks-${CONFIGURATION}-input-files.xcfilelist",
			);
			name = "[CP] Embed Pods Frameworks";
			outputFileListPaths = (
				"${PODS_ROOT}/Target Support Files/Pods-YogaExperiment/Pods-YogaExperiment-frameworks-${CONFIGURATION}-output-files.xcfilelist",
			);
			runOnlyForDeploymentPostprocessing = 0;
			shellPath = /bin/sh;
			shellScript = "\"${PODS_ROOT}/Target Support Files/Pods-YogaExperiment/Pods-YogaExperiment-frameworks.sh\"\n";
			showEnvVarsInLog = 0;
		};
		3B0D692CE317528A766A035C /* [CP] Check Pods Manifest.lock */ = {
			isa = PBXShellScriptBuildPhase;
			buildActionMask = 2147483647;
			files = (
			);
			inputFileListPaths = (
			);
			inputPaths = (
				"${PODS_PODFILE_DIR_PATH}/Podfile.lock",
				"${PODS_ROOT}/Manifest.lock",
			);
			name = "[CP] Check Pods Manifest.lock";
			outputFileListPaths = (
			);
			outputPaths = (
				"$(DERIVED_FILE_DIR)/Pods-YogaExperiment-checkManifestLockResult.txt",
			);
			runOnlyForDeploymentPostprocessing = 0;
			shellPath = /bin/sh;
			shellScript = "diff \"${PODS_PODFILE_DIR_PATH}/Podfile.lock\" \"${PODS_ROOT}/Manifest.lock\" > /dev/null\nif [ $? != 0 ] ; then\n    # print error to STDERR\n    echo \"error: The sandbox is not in sync with the Podfile.lock. Run 'pod install' or update your CocoaPods installation.\" >&2\n    exit 1\nfi\n# This output is used by Xcode 'outputs' to avoid re-running this script phase.\necho \"SUCCESS\" > \"${SCRIPT_OUTPUT_FILE_0}\"\n";
			showEnvVarsInLog = 0;
		};
/* End PBXShellScriptBuildPhase section */

/* Begin PBXSourcesBuildPhase section */
		5BD8C26D2810D666002F8858 /* Sources */ = {
			isa = PBXSourcesBuildPhase;
			buildActionMask = 2147483647;
			files = (
				5BD8C2792810D666002F8858 /* ViewController.swift in Sources */,
				5BD8C2752810D666002F8858 /* AppDelegate.swift in Sources */,
				5BD8C2772810D666002F8858 /* SceneDelegate.swift in Sources */,
			);
			runOnlyForDeploymentPostprocessing = 0;
		};
/* End PBXSourcesBuildPhase section */

/* Begin PBXVariantGroup section */
		5BD8C27A2810D666002F8858 /* Main.storyboard */ = {
			isa = PBXVariantGroup;
			children = (
				5BD8C27B2810D666002F8858 /* Base */,
			);
			name = Main.storyboard;
			sourceTree = "<group>";
		};
		5BD8C27F2810D668002F8858 /* LaunchScreen.storyboard */ = {
			isa = PBXVariantGroup;
			children = (
				5BD8C2802810D668002F8858 /* Base */,
			);
			name = LaunchScreen.storyboard;
			sourceTree = "<group>";
		};
/* End PBXVariantGroup section */

/* Begin XCBuildConfiguration section */
		5BD8C2832810D668002F8858 /* Debug */ = {
			isa = XCBuildConfiguration;
			buildSettings = {
				ALWAYS_SEARCH_USER_PATHS = NO;
				CLANG_ANALYZER_NONNULL = YES;
				CLANG_ANALYZER_NUMBER_OBJECT_CONVERSION = YES_AGGRESSIVE;
				CLANG_CXX_LANGUAGE_STANDARD = "gnu++17";
				CLANG_ENABLE_MODULES = YES;
				CLANG_ENABLE_OBJC_ARC = YES;
				CLANG_ENABLE_OBJC_WEAK = YES;
				CLANG_WARN_BLOCK_CAPTURE_AUTORELEASING = YES;
				CLANG_WARN_BOOL_CONVERSION = YES;
				CLANG_WARN_COMMA = YES;
				CLANG_WARN_CONSTANT_CONVERSION = YES;
				CLANG_WARN_DEPRECATED_OBJC_IMPLEMENTATIONS = YES;
				CLANG_WARN_DIRECT_OBJC_ISA_USAGE = YES_ERROR;
				CLANG_WARN_DOCUMENTATION_COMMENTS = YES;
				CLANG_WARN_EMPTY_BODY = YES;
				CLANG_WARN_ENUM_CONVERSION = YES;
				CLANG_WARN_INFINITE_RECURSION = YES;
				CLANG_WARN_INT_CONVERSION = YES;
				CLANG_WARN_NON_LITERAL_NULL_CONVERSION = YES;
				CLANG_WARN_OBJC_IMPLICIT_RETAIN_SELF = YES;
				CLANG_WARN_OBJC_LITERAL_CONVERSION = YES;
				CLANG_WARN_OBJC_ROOT_CLASS = YES_ERROR;
				CLANG_WARN_QUOTED_INCLUDE_IN_FRAMEWORK_HEADER = YES;
				CLANG_WARN_RANGE_LOOP_ANALYSIS = YES;
				CLANG_WARN_STRICT_PROTOTYPES = YES;
				CLANG_WARN_SUSPICIOUS_MOVE = YES;
				CLANG_WARN_UNGUARDED_AVAILABILITY = YES_AGGRESSIVE;
				CLANG_WARN_UNREACHABLE_CODE = YES;
				CLANG_WARN__DUPLICATE_METHOD_MATCH = YES;
				COPY_PHASE_STRIP = NO;
				DEBUG_INFORMATION_FORMAT = dwarf;
				ENABLE_STRICT_OBJC_MSGSEND = YES;
				ENABLE_TESTABILITY = YES;
				GCC_C_LANGUAGE_STANDARD = gnu11;
				GCC_DYNAMIC_NO_PIC = NO;
				GCC_NO_COMMON_BLOCKS = YES;
				GCC_OPTIMIZATION_LEVEL = 0;
				GCC_PREPROCESSOR_DEFINITIONS = (
					"DEBUG=1",
					"$(inherited)",
				);
				GCC_WARN_64_TO_32_BIT_CONVERSION = YES;
				GCC_WARN_ABOUT_RETURN_TYPE = YES_ERROR;
				GCC_WARN_UNDECLARED_SELECTOR = YES;
				GCC_WARN_UNINITIALIZED_AUTOS = YES_AGGRESSIVE;
				GCC_WARN_UNUSED_FUNCTION = YES;
				GCC_WARN_UNUSED_VARIABLE = YES;
				IPHONEOS_DEPLOYMENT_TARGET = 15.4;
				MTL_ENABLE_DEBUG_INFO = INCLUDE_SOURCE;
				MTL_FAST_MATH = YES;
				ONLY_ACTIVE_ARCH = YES;
				SDKROOT = iphoneos;
				SWIFT_ACTIVE_COMPILATION_CONDITIONS = DEBUG;
				SWIFT_OPTIMIZATION_LEVEL = "-Onone";
			};
			name = Debug;
		};
		5BD8C2842810D668002F8858 /* Release */ = {
			isa = XCBuildConfiguration;
			buildSettings = {
				ALWAYS_SEARCH_USER_PATHS = NO;
				CLANG_ANALYZER_NONNULL = YES;
				CLANG_ANALYZER_NUMBER_OBJECT_CONVERSION = YES_AGGRESSIVE;
				CLANG_CXX_LANGUAGE_STANDARD = "gnu++17";
				CLANG_ENABLE_MODULES = YES;
				CLANG_ENABLE_OBJC_ARC = YES;
				CLANG_ENABLE_OBJC_WEAK = YES;
				CLANG_WARN_BLOCK_CAPTURE_AUTORELEASING = YES;
				CLANG_WARN_BOOL_CONVERSION = YES;
				CLANG_WARN_COMMA = YES;
				CLANG_WARN_CONSTANT_CONVERSION = YES;
				CLANG_WARN_DEPRECATED_OBJC_IMPLEMENTATIONS = YES;
				CLANG_WARN_DIRECT_OBJC_ISA_USAGE = YES_ERROR;
				CLANG_WARN_DOCUMENTATION_COMMENTS = YES;
				CLANG_WARN_EMPTY_BODY = YES;
				CLANG_WARN_ENUM_CONVERSION = YES;
				CLANG_WARN_INFINITE_RECURSION = YES;
				CLANG_WARN_INT_CONVERSION = YES;
				CLANG_WARN_NON_LITERAL_NULL_CONVERSION = YES;
				CLANG_WARN_OBJC_IMPLICIT_RETAIN_SELF = YES;
				CLANG_WARN_OBJC_LITERAL_CONVERSION = YES;
				CLANG_WARN_OBJC_ROOT_CLASS = YES_ERROR;
				CLANG_WARN_QUOTED_INCLUDE_IN_FRAMEWORK_HEADER = YES;
				CLANG_WARN_RANGE_LOOP_ANALYSIS = YES;
				CLANG_WARN_STRICT_PROTOTYPES = YES;
				CLANG_WARN_SUSPICIOUS_MOVE = YES;
				CLANG_WARN_UNGUARDED_AVAILABILITY = YES_AGGRESSIVE;
				CLANG_WARN_UNREACHABLE_CODE = YES;
				CLANG_WARN__DUPLICATE_METHOD_MATCH = YES;
				COPY_PHASE_STRIP = NO;
				DEBUG_INFORMATION_FORMAT = "dwarf-with-dsym";
				ENABLE_NS_ASSERTIONS = NO;
				ENABLE_STRICT_OBJC_MSGSEND = YES;
				GCC_C_LANGUAGE_STANDARD = gnu11;
				GCC_NO_COMMON_BLOCKS = YES;
				GCC_WARN_64_TO_32_BIT_CONVERSION = YES;
				GCC_WARN_ABOUT_RETURN_TYPE = YES_ERROR;
				GCC_WARN_UNDECLARED_SELECTOR = YES;
				GCC_WARN_UNINITIALIZED_AUTOS = YES_AGGRESSIVE;
				GCC_WARN_UNUSED_FUNCTION = YES;
				GCC_WARN_UNUSED_VARIABLE = YES;
				IPHONEOS_DEPLOYMENT_TARGET = 15.4;
				MTL_ENABLE_DEBUG_INFO = NO;
				MTL_FAST_MATH = YES;
				SDKROOT = iphoneos;
				SWIFT_COMPILATION_MODE = wholemodule;
				SWIFT_OPTIMIZATION_LEVEL = "-O";
				VALIDATE_PRODUCT = YES;
			};
			name = Release;
		};
		5BD8C2862810D668002F8858 /* Debug */ = {
			isa = XCBuildConfiguration;
			baseConfigurationReference = 2664B9921B9EFAFC3D4783A0 /* Pods-YogaExperiment.debug.xcconfig */;
			buildSettings = {
				ASSETCATALOG_COMPILER_APPICON_NAME = AppIcon;
				ASSETCATALOG_COMPILER_GLOBAL_ACCENT_COLOR_NAME = AccentColor;
				CODE_SIGN_STYLE = Automatic;
				CURRENT_PROJECT_VERSION = 1;
				DEVELOPMENT_TEAM = 7J2VC8DULL;
				GENERATE_INFOPLIST_FILE = YES;
				INFOPLIST_FILE = YogaExperiment/Info.plist;
				INFOPLIST_KEY_UIApplicationSupportsIndirectInputEvents = YES;
				INFOPLIST_KEY_UILaunchStoryboardName = LaunchScreen;
				INFOPLIST_KEY_UIMainStoryboardFile = Main;
				INFOPLIST_KEY_UISupportedInterfaceOrientations_iPad = "UIInterfaceOrientationPortrait UIInterfaceOrientationPortraitUpsideDown UIInterfaceOrientationLandscapeLeft UIInterfaceOrientationLandscapeRight";
				INFOPLIST_KEY_UISupportedInterfaceOrientations_iPhone = "UIInterfaceOrientationPortrait UIInterfaceOrientationLandscapeLeft UIInterfaceOrientationLandscapeRight";
				LD_RUNPATH_SEARCH_PATHS = (
					"$(inherited)",
					"@executable_path/Frameworks",
				);
				MARKETING_VERSION = 1.0;
				PRODUCT_BUNDLE_IDENTIFIER = com.laudecked.YogaExperiment;
				PRODUCT_NAME = "$(TARGET_NAME)";
				SWIFT_EMIT_LOC_STRINGS = YES;
				SWIFT_VERSION = 5.0;
				TARGETED_DEVICE_FAMILY = "1,2";
			};
			name = Debug;
		};
		5BD8C2872810D668002F8858 /* Release */ = {
			isa = XCBuildConfiguration;
			baseConfigurationReference = 54A196C65C14FC20D08BD491 /* Pods-YogaExperiment.release.xcconfig */;
			buildSettings = {
				ASSETCATALOG_COMPILER_APPICON_NAME = AppIcon;
				ASSETCATALOG_COMPILER_GLOBAL_ACCENT_COLOR_NAME = AccentColor;
				CODE_SIGN_STYLE = Automatic;
				CURRENT_PROJECT_VERSION = 1;
				DEVELOPMENT_TEAM = 7J2VC8DULL;
				GENERATE_INFOPLIST_FILE = YES;
				INFOPLIST_FILE = YogaExperiment/Info.plist;
				INFOPLIST_KEY_UIApplicationSupportsIndirectInputEvents = YES;
				INFOPLIST_KEY_UILaunchStoryboardName = LaunchScreen;
				INFOPLIST_KEY_UIMainStoryboardFile = Main;
				INFOPLIST_KEY_UISupportedInterfaceOrientations_iPad = "UIInterfaceOrientationPortrait UIInterfaceOrientationPortraitUpsideDown UIInterfaceOrientationLandscapeLeft UIInterfaceOrientationLandscapeRight";
				INFOPLIST_KEY_UISupportedInterfaceOrientations_iPhone = "UIInterfaceOrientationPortrait UIInterfaceOrientationLandscapeLeft UIInterfaceOrientationLandscapeRight";
				LD_RUNPATH_SEARCH_PATHS = (
					"$(inherited)",
					"@executable_path/Frameworks",
				);
				MARKETING_VERSION = 1.0;
				PRODUCT_BUNDLE_IDENTIFIER = com.laudecked.YogaExperiment;
				PRODUCT_NAME = "$(TARGET_NAME)";
				SWIFT_EMIT_LOC_STRINGS = YES;
				SWIFT_VERSION = 5.0;
				TARGETED_DEVICE_FAMILY = "1,2";
			};
			name = Release;
		};
/* End XCBuildConfiguration section */

/* Begin XCConfigurationList section */
		5BD8C26C2810D666002F8858 /* Build configuration list for PBXProject "YogaExperiment" */ = {
			isa = XCConfigurationList;
			buildConfigurations = (
				5BD8C2832810D668002F8858 /* Debug */,
				5BD8C2842810D668002F8858 /* Release */,
			);
			defaultConfigurationIsVisible = 0;
			defaultConfigurationName = Release;
		};
		5BD8C2852810D668002F8858 /* Build configuration list for PBXNativeTarget "YogaExperiment" */ = {
			isa = XCConfigurationList;
			buildConfigurations = (
				5BD8C2862810D668002F8858 /* Debug */,
				5BD8C2872810D668002F8858 /* Release */,
			);
			defaultConfigurationIsVisible = 0;
			defaultConfigurationName = Release;
		};
/* End XCConfigurationList section */
	};
	rootObject = 5BD8C2692810D666002F8858 /* Project object */;
}
